{
  "dependencies": {
    "dom5": {
      "version": "1.3.1",
      "resolved": "https://registry.npmjs.org/dom5/-/dom5-1.3.1.tgz",
      "from": "dom5@1.3.1",
      "dependencies": {
        "clone": {
          "version": "1.0.2",
          "resolved": "https://registry.npmjs.org/clone/-/clone-1.0.2.tgz",
          "from": "clone@>=1.0.2 <2.0.0"
        },
        "parse5": {
          "version": "1.5.1",
          "resolved": "https://registry.npmjs.org/parse5/-/parse5-1.5.1.tgz",
          "from": "parse5@>=1.4.1 <2.0.0"
        }
      }
    },
    "es6-promise": {
      "version": "2.1.0",
      "resolved": "https://registry.npmjs.org/es6-promise/-/es6-promise-2.1.0.tgz",
      "from": "es6-promise@2.1.0"
    },
    "hydrolysis": {
      "version": "1.19.1",
      "resolved": "https://registry.npmjs.org/hydrolysis/-/hydrolysis-1.19.1.tgz",
      "from": "hydrolysis@1.19.1",
      "dependencies": {
        "doctrine": {
          "version": "0.7.2",
          "resolved": "https://registry.npmjs.org/doctrine/-/doctrine-0.7.2.tgz",
          "from": "doctrine@>=0.7.0 <0.8.0",
          "dependencies": {
            "esutils": {
              "version": "1.1.6",
              "resolved": "https://registry.npmjs.org/esutils/-/esutils-1.1.6.tgz",
              "from": "esutils@>=1.1.6 <2.0.0"
            },
            "isarray": {
              "version": "0.0.1",
              "resolved": "https://registry.npmjs.org/isarray/-/isarray-0.0.1.tgz",
              "from": "isarray@0.0.1"
            }
          }
        },
        "espree": {
          "version": "2.2.5",
          "resolved": "https://registry.npmjs.org/espree/-/espree-2.2.5.tgz",
          "from": "espree@>=2.0.1 <3.0.0"
        },
        "estraverse": {
          "version": "3.1.0",
          "resolved": "https://registry.npmjs.org/estraverse/-/estraverse-3.1.0.tgz",
          "from": "estraverse@>=3.1.0 <4.0.0"
        }
      }
    },
    "minimize": {
      "version": "1.8.1",
      "resolved": "https://registry.npmjs.org/minimize/-/minimize-1.8.1.tgz",
      "from": "https://registry.npmjs.org/minimize/-/minimize-1.8.1.tgz",
      "dependencies": {
        "argh": {
          "version": "0.1.4",
          "resolved": "https://registry.npmjs.org/argh/-/argh-0.1.4.tgz",
          "from": "https://registry.npmjs.org/argh/-/argh-0.1.4.tgz"
        },
        "async": {
          "version": "1.5.2",
          "resolved": "https://registry.npmjs.org/async/-/async-1.5.2.tgz",
          "from": "https://registry.npmjs.org/async/-/async-1.5.2.tgz"
        },
        "cli-color": {
          "version": "1.1.0",
          "resolved": "https://registry.npmjs.org/cli-color/-/cli-color-1.1.0.tgz",
          "from": "https://registry.npmjs.org/cli-color/-/cli-color-1.1.0.tgz",
          "dependencies": {
            "ansi-regex": {
              "version": "2.0.0",
              "resolved": "https://registry.npmjs.org/ansi-regex/-/ansi-regex-2.0.0.tgz",
              "from": "https://registry.npmjs.org/ansi-regex/-/ansi-regex-2.0.0.tgz"
            },
            "d": {
              "version": "0.1.1",
              "resolved": "https://registry.npmjs.org/d/-/d-0.1.1.tgz",
              "from": "https://registry.npmjs.org/d/-/d-0.1.1.tgz"
            },
            "es5-ext": {
              "version": "0.10.11",
              "resolved": "https://registry.npmjs.org/es5-ext/-/es5-ext-0.10.11.tgz",
              "from": "https://registry.npmjs.org/es5-ext/-/es5-ext-0.10.11.tgz",
              "dependencies": {
                "es6-symbol": {
                  "version": "3.0.2",
                  "resolved": "https://registry.npmjs.org/es6-symbol/-/es6-symbol-3.0.2.tgz",
                  "from": "https://registry.npmjs.org/es6-symbol/-/es6-symbol-3.0.2.tgz"
                }
              }
            },
            "es6-iterator": {
              "version": "2.0.0",
              "resolved": "https://registry.npmjs.org/es6-iterator/-/es6-iterator-2.0.0.tgz",
              "from": "https://registry.npmjs.org/es6-iterator/-/es6-iterator-2.0.0.tgz",
              "dependencies": {
                "es6-symbol": {
                  "version": "3.0.2",
                  "resolved": "https://registry.npmjs.org/es6-symbol/-/es6-symbol-3.0.2.tgz",
                  "from": "https://registry.npmjs.org/es6-symbol/-/es6-symbol-3.0.2.tgz"
                }
              }
            },
            "memoizee": {
              "version": "0.3.9",
              "resolved": "https://registry.npmjs.org/memoizee/-/memoizee-0.3.9.tgz",
              "from": "https://registry.npmjs.org/memoizee/-/memoizee-0.3.9.tgz",
              "dependencies": {
                "es6-weak-map": {
                  "version": "0.1.4",
                  "resolved": "https://registry.npmjs.org/es6-weak-map/-/es6-weak-map-0.1.4.tgz",
                  "from": "https://registry.npmjs.org/es6-weak-map/-/es6-weak-map-0.1.4.tgz",
                  "dependencies": {
                    "es6-iterator": {
                      "version": "0.1.3",
                      "resolved": "https://registry.npmjs.org/es6-iterator/-/es6-iterator-0.1.3.tgz",
                      "from": "https://registry.npmjs.org/es6-iterator/-/es6-iterator-0.1.3.tgz"
                    },
                    "es6-symbol": {
                      "version": "2.0.1",
                      "resolved": "https://registry.npmjs.org/es6-symbol/-/es6-symbol-2.0.1.tgz",
                      "from": "https://registry.npmjs.org/es6-symbol/-/es6-symbol-2.0.1.tgz"
                    }
                  }
                },
                "event-emitter": {
                  "version": "0.3.4",
                  "resolved": "https://registry.npmjs.org/event-emitter/-/event-emitter-0.3.4.tgz",
                  "from": "https://registry.npmjs.org/event-emitter/-/event-emitter-0.3.4.tgz"
                },
                "lru-queue": {
                  "version": "0.1.0",
                  "resolved": "https://registry.npmjs.org/lru-queue/-/lru-queue-0.1.0.tgz",
                  "from": "https://registry.npmjs.org/lru-queue/-/lru-queue-0.1.0.tgz"
                },
                "next-tick": {
                  "version": "0.2.2",
                  "resolved": "https://registry.npmjs.org/next-tick/-/next-tick-0.2.2.tgz",
                  "from": "https://registry.npmjs.org/next-tick/-/next-tick-0.2.2.tgz"
                }
              }
            },
            "timers-ext": {
              "version": "0.1.0",
              "resolved": "https://registry.npmjs.org/timers-ext/-/timers-ext-0.1.0.tgz",
              "from": "https://registry.npmjs.org/timers-ext/-/timers-ext-0.1.0.tgz",
              "dependencies": {
                "next-tick": {
                  "version": "0.2.2",
                  "resolved": "https://registry.npmjs.org/next-tick/-/next-tick-0.2.2.tgz",
                  "from": "https://registry.npmjs.org/next-tick/-/next-tick-0.2.2.tgz"
                }
              }
            }
          }
        },
        "diagnostics": {
          "version": "1.0.1",
          "resolved": "https://registry.npmjs.org/diagnostics/-/diagnostics-1.0.1.tgz",
          "from": "https://registry.npmjs.org/diagnostics/-/diagnostics-1.0.1.tgz",
          "dependencies": {
            "colorspace": {
              "version": "1.0.1",
              "resolved": "https://registry.npmjs.org/colorspace/-/colorspace-1.0.1.tgz",
              "from": "https://registry.npmjs.org/colorspace/-/colorspace-1.0.1.tgz",
              "dependencies": {
                "color": {
                  "version": "0.8.0",
                  "resolved": "https://registry.npmjs.org/color/-/color-0.8.0.tgz",
                  "from": "https://registry.npmjs.org/color/-/color-0.8.0.tgz",
                  "dependencies": {
                    "color-convert": {
                      "version": "0.5.3",
                      "resolved": "https://registry.npmjs.org/color-convert/-/color-convert-0.5.3.tgz",
                      "from": "https://registry.npmjs.org/color-convert/-/color-convert-0.5.3.tgz"
                    },
                    "color-string": {
                      "version": "0.3.0",
                      "resolved": "https://registry.npmjs.org/color-string/-/color-string-0.3.0.tgz",
                      "from": "https://registry.npmjs.org/color-string/-/color-string-0.3.0.tgz",
                      "dependencies": {
                        "color-name": {
                          "version": "1.1.1",
                          "resolved": "https://registry.npmjs.org/color-name/-/color-name-1.1.1.tgz",
                          "from": "https://registry.npmjs.org/color-name/-/color-name-1.1.1.tgz"
                        }
                      }
                    }
                  }
                },
                "text-hex": {
                  "version": "0.0.0",
                  "resolved": "https://registry.npmjs.org/text-hex/-/text-hex-0.0.0.tgz",
                  "from": "https://registry.npmjs.org/text-hex/-/text-hex-0.0.0.tgz"
                }
              }
            },
            "enabled": {
              "version": "1.0.2",
              "resolved": "https://registry.npmjs.org/enabled/-/enabled-1.0.2.tgz",
              "from": "https://registry.npmjs.org/enabled/-/enabled-1.0.2.tgz",
              "dependencies": {
                "env-variable": {
                  "version": "0.0.3",
                  "resolved": "https://registry.npmjs.org/env-variable/-/env-variable-0.0.3.tgz",
                  "from": "https://registry.npmjs.org/env-variable/-/env-variable-0.0.3.tgz"
                }
              }
            },
            "kuler": {
              "version": "0.0.0",
              "resolved": "https://registry.npmjs.org/kuler/-/kuler-0.0.0.tgz",
              "from": "https://registry.npmjs.org/kuler/-/kuler-0.0.0.tgz",
              "dependencies": {
                "colornames": {
                  "version": "0.0.2",
                  "resolved": "https://registry.npmjs.org/colornames/-/colornames-0.0.2.tgz",
                  "from": "https://registry.npmjs.org/colornames/-/colornames-0.0.2.tgz"
                }
              }
            }
          }
        },
        "emits": {
          "version": "3.0.0",
          "resolved": "https://registry.npmjs.org/emits/-/emits-3.0.0.tgz",
          "from": "https://registry.npmjs.org/emits/-/emits-3.0.0.tgz"
        },
        "htmlparser2": {
          "version": "3.9.0",
          "resolved": "https://registry.npmjs.org/htmlparser2/-/htmlparser2-3.9.0.tgz",
          "from": "https://registry.npmjs.org/htmlparser2/-/htmlparser2-3.9.0.tgz",
          "dependencies": {
            "domelementtype": {
              "version": "1.3.0",
              "resolved": "https://registry.npmjs.org/domelementtype/-/domelementtype-1.3.0.tgz",
              "from": "https://registry.npmjs.org/domelementtype/-/domelementtype-1.3.0.tgz"
            },
            "domhandler": {
              "version": "2.3.0",
              "resolved": "https://registry.npmjs.org/domhandler/-/domhandler-2.3.0.tgz",
              "from": "https://registry.npmjs.org/domhandler/-/domhandler-2.3.0.tgz"
            },
            "domutils": {
              "version": "1.5.1",
              "resolved": "https://registry.npmjs.org/domutils/-/domutils-1.5.1.tgz",
              "from": "https://registry.npmjs.org/domutils/-/domutils-1.5.1.tgz",
              "dependencies": {
                "dom-serializer": {
                  "version": "0.1.0",
                  "resolved": "https://registry.npmjs.org/dom-serializer/-/dom-serializer-0.1.0.tgz",
                  "from": "https://registry.npmjs.org/dom-serializer/-/dom-serializer-0.1.0.tgz",
                  "dependencies": {
                    "domelementtype": {
                      "version": "1.1.3",
                      "resolved": "https://registry.npmjs.org/domelementtype/-/domelementtype-1.1.3.tgz",
                      "from": "https://registry.npmjs.org/domelementtype/-/domelementtype-1.1.3.tgz"
                    }
                  }
                }
              }
            },
            "entities": {
              "version": "1.1.1",
              "resolved": "https://registry.npmjs.org/entities/-/entities-1.1.1.tgz",
              "from": "https://registry.npmjs.org/entities/-/entities-1.1.1.tgz"
            },
            "readable-stream": {
              "version": "2.0.6",
              "resolved": "https://registry.npmjs.org/readable-stream/-/readable-stream-2.0.6.tgz",
              "from": "https://registry.npmjs.org/readable-stream/-/readable-stream-2.0.6.tgz",
              "dependencies": {
                "core-util-is": {
                  "version": "1.0.2",
                  "resolved": "https://registry.npmjs.org/core-util-is/-/core-util-is-1.0.2.tgz",
                  "from": "https://registry.npmjs.org/core-util-is/-/core-util-is-1.0.2.tgz"
                },
                "inherits": {
                  "version": "2.0.1",
                  "resolved": "https://registry.npmjs.org/inherits/-/inherits-2.0.1.tgz",
                  "from": "https://registry.npmjs.org/inherits/-/inherits-2.0.1.tgz"
                },
                "isarray": {
                  "version": "1.0.0",
                  "resolved": "https://registry.npmjs.org/isarray/-/isarray-1.0.0.tgz",
                  "from": "https://registry.npmjs.org/isarray/-/isarray-1.0.0.tgz"
                },
                "process-nextick-args": {
                  "version": "1.0.6",
                  "resolved": "https://registry.npmjs.org/process-nextick-args/-/process-nextick-args-1.0.6.tgz",
                  "from": "https://registry.npmjs.org/process-nextick-args/-/process-nextick-args-1.0.6.tgz"
                },
                "string_decoder": {
                  "version": "0.10.31",
                  "resolved": "https://registry.npmjs.org/string_decoder/-/string_decoder-0.10.31.tgz",
                  "from": "https://registry.npmjs.org/string_decoder/-/string_decoder-0.10.31.tgz"
                },
                "util-deprecate": {
                  "version": "1.0.2",
                  "resolved": "https://registry.npmjs.org/util-deprecate/-/util-deprecate-1.0.2.tgz",
                  "from": "https://registry.npmjs.org/util-deprecate/-/util-deprecate-1.0.2.tgz"
                }
              }
            }
          }
        },
        "node-uuid": {
          "version": "1.4.7",
          "resolved": "https://registry.npmjs.org/node-uuid/-/node-uuid-1.4.7.tgz",
          "from": "https://registry.npmjs.org/node-uuid/-/node-uuid-1.4.7.tgz"
        }
      }
    },
    "nopt": {
      "version": "3.0.1",
      "resolved": "https://registry.npmjs.org/nopt/-/nopt-3.0.1.tgz",
      "from": "nopt@3.0.1",
      "dependencies": {
        "abbrev": {
          "version": "1.0.7",
          "resolved": "https://registry.npmjs.org/abbrev/-/abbrev-1.0.7.tgz",
          "from": "abbrev@>=1.0.0 <2.0.0"
        }
      }
    },
    "parse5": {
      "version": "2.1.5",
      "resolved": "https://registry.npmjs.org/parse5/-/parse5-2.1.5.tgz",
      "from": "https://registry.npmjs.org/parse5/-/parse5-2.1.5.tgz"
    },
    "path-posix": {
      "version": "1.0.0",
      "resolved": "https://registry.npmjs.org/path-posix/-/path-posix-1.0.0.tgz",
      "from": "path-posix@1.0.0"
    }
  }
}
