{
  "dependencies": {
    "lodash": {
      "version": "4.11.1",
      "resolved": "https://registry.npmjs.org/lodash/-/lodash-4.11.1.tgz",
      "from": "lodash@4.11.1"
    },
    "parse5": {
      "version": "2.1.5",
      "resolved": "https://registry.npmjs.org/parse5/-/parse5-2.1.5.tgz",
      "from": "parse5@2.1.5"
    }
  }
}
