{
  "dependencies": {
    "acorn": {
      "version": "3.3.0",
      "resolved": "https://registry.npmjs.org/acorn/-/acorn-3.3.0.tgz",
      "from": "acorn@>=3.1.0 <4.0.0"
    },
    "acorn-globals": {
      "version": "3.0.0",
      "resolved": "https://registry.npmjs.org/acorn-globals/-/acorn-globals-3.0.0.tgz",
      "from": "acorn-globals@>=3.0.0 <4.0.0"
    },
    "align-text": {
      "version": "0.1.4",
      "resolved": "https://registry.npmjs.org/align-text/-/align-text-0.1.4.tgz",
      "from": "align-text@>=0.1.3 <0.2.0"
    },
    "amdefine": {
      "version": "1.0.1",
      "resolved": "https://registry.npmjs.org/amdefine/-/amdefine-1.0.1.tgz",
      "from": "amdefine@>=0.0.4"
    },
    "asap": {
      "version": "2.0.5",
      "resolved": "https://registry.npmjs.org/asap/-/asap-2.0.5.tgz",
      "from": "asap@>=2.0.3 <2.1.0"
    },
    "async": {
      "version": "0.2.10",
      "resolved": "https://registry.npmjs.org/async/-/async-0.2.10.tgz",
      "from": "async@>=0.2.6 <0.3.0"
    },
    "camelcase": {
      "version": "1.2.1",
      "resolved": "https://registry.npmjs.org/camelcase/-/camelcase-1.2.1.tgz",
      "from": "camelcase@>=1.0.2 <2.0.0"
    },
    "center-align": {
      "version": "0.1.3",
      "resolved": "https://registry.npmjs.org/center-align/-/center-align-0.1.3.tgz",
      "from": "center-align@>=0.1.1 <0.2.0"
    },
    "character-parser": {
      "version": "2.2.0",
      "resolved": "https://registry.npmjs.org/character-parser/-/character-parser-2.2.0.tgz",
      "from": "character-parser@>=2.1.1 <3.0.0"
    },
    "clean-css": {
      "version": "3.4.23",
      "resolved": "https://registry.npmjs.org/clean-css/-/clean-css-3.4.23.tgz",
      "from": "clean-css@>=3.3.0 <4.0.0"
    },
    "cliui": {
      "version": "2.1.0",
      "resolved": "https://registry.npmjs.org/cliui/-/cliui-2.1.0.tgz",
      "from": "cliui@>=2.1.0 <3.0.0"
    },
    "commander": {
      "version": "2.8.1",
      "resolved": "https://registry.npmjs.org/commander/-/commander-2.8.1.tgz",
      "from": "commander@>=2.8.0 <2.9.0"
    },
    "constantinople": {
      "version": "3.1.0",
      "resolved": "https://registry.npmjs.org/constantinople/-/constantinople-3.1.0.tgz",
      "from": "constantinople@>=3.0.1 <4.0.0"
    },
    "decamelize": {
      "version": "1.2.0",
      "resolved": "https://registry.npmjs.org/decamelize/-/decamelize-1.2.0.tgz",
      "from": "decamelize@>=1.0.0 <2.0.0"
    },
    "doctypes": {
      "version": "1.1.0",
      "resolved": "https://registry.npmjs.org/doctypes/-/doctypes-1.1.0.tgz",
      "from": "doctypes@>=1.1.0 <2.0.0"
    },
    "graceful-readlink": {
      "version": "1.0.1",
      "resolved": "https://registry.npmjs.org/graceful-readlink/-/graceful-readlink-1.0.1.tgz",
      "from": "graceful-readlink@>=1.0.0"
    },
    "is-buffer": {
      "version": "1.1.4",
      "resolved": "https://registry.npmjs.org/is-buffer/-/is-buffer-1.1.4.tgz",
      "from": "is-buffer@>=1.0.2 <2.0.0"
    },
    "is-expression": {
      "version": "2.1.0",
      "resolved": "https://registry.npmjs.org/is-expression/-/is-expression-2.1.0.tgz",
      "from": "is-expression@>=2.0.1 <3.0.0"
    },
    "is-promise": {
      "version": "2.1.0",
      "resolved": "https://registry.npmjs.org/is-promise/-/is-promise-2.1.0.tgz",
      "from": "is-promise@>=2.0.0 <3.0.0"
    },
    "is-regex": {
      "version": "1.0.3",
      "resolved": "https://registry.npmjs.org/is-regex/-/is-regex-1.0.3.tgz",
      "from": "is-regex@>=1.0.3 <2.0.0"
    },
    "js-stringify": {
      "version": "1.0.2",
      "resolved": "https://registry.npmjs.org/js-stringify/-/js-stringify-1.0.2.tgz",
      "from": "js-stringify@>=1.0.1 <2.0.0"
    },
    "jstransformer": {
      "version": "1.0.0",
      "resolved": "https://registry.npmjs.org/jstransformer/-/jstransformer-1.0.0.tgz",
      "from": "jstransformer@1.0.0"
    },
    "kind-of": {
      "version": "3.1.0",
      "resolved": "https://registry.npmjs.org/kind-of/-/kind-of-3.1.0.tgz",
      "from": "kind-of@>=3.0.2 <4.0.0"
    },
    "lazy-cache": {
      "version": "1.0.4",
      "resolved": "https://registry.npmjs.org/lazy-cache/-/lazy-cache-1.0.4.tgz",
      "from": "lazy-cache@>=1.0.3 <2.0.0"
    },
    "longest": {
      "version": "1.0.1",
      "resolved": "https://registry.npmjs.org/longest/-/longest-1.0.1.tgz",
      "from": "longest@>=1.0.1 <2.0.0"
    },
    "object-assign": {
      "version": "4.1.0",
      "resolved": "https://registry.npmjs.org/object-assign/-/object-assign-4.1.0.tgz",
      "from": "object-assign@>=4.0.1 <5.0.0"
    },
    "promise": {
      "version": "7.1.1",
      "resolved": "https://registry.npmjs.org/promise/-/promise-7.1.1.tgz",
      "from": "promise@>=7.0.1 <8.0.0"
    },
    "pug": {
      "version": "2.0.0-beta6",
      "resolved": "https://registry.npmjs.org/pug/-/pug-2.0.0-beta6.tgz",
      "from": "pug@2.0.0-beta6"
    },
    "pug-attrs": {
      "version": "2.0.1",
      "resolved": "https://registry.npmjs.org/pug-attrs/-/pug-attrs-2.0.1.tgz",
      "from": "pug-attrs@>=2.0.1 <3.0.0"
    },
    "pug-code-gen": {
      "version": "1.1.0",
      "resolved": "https://registry.npmjs.org/pug-code-gen/-/pug-code-gen-1.1.0.tgz",
      "from": "pug-code-gen@>=1.1.0 <2.0.0"
    },
    "pug-error": {
      "version": "1.3.1",
      "resolved": "https://registry.npmjs.org/pug-error/-/pug-error-1.3.1.tgz",
      "from": "pug-error@>=1.3.0 <2.0.0"
    },
    "pug-filters": {
      "version": "1.2.4",
      "resolved": "https://registry.npmjs.org/pug-filters/-/pug-filters-1.2.4.tgz",
      "from": "pug-filters@>=1.2.4 <2.0.0"
    },
    "pug-lexer": {
      "version": "2.3.0",
      "resolved": "https://registry.npmjs.org/pug-lexer/-/pug-lexer-2.3.0.tgz",
      "from": "pug-lexer@>=2.2.0 <3.0.0",
      "dependencies": {
        "acorn": {
          "version": "4.0.4",
          "resolved": "https://registry.npmjs.org/acorn/-/acorn-4.0.4.tgz",
          "from": "acorn@>=4.0.2 <4.1.0"
        },
        "is-expression": {
          "version": "3.0.0",
          "resolved": "https://registry.npmjs.org/is-expression/-/is-expression-3.0.0.tgz",
          "from": "is-expression@>=3.0.0 <4.0.0"
        }
      }
    },
    "pug-linker": {
      "version": "1.0.1",
      "resolved": "https://registry.npmjs.org/pug-linker/-/pug-linker-1.0.1.tgz",
      "from": "pug-linker@>=1.0.1 <2.0.0"
    },
    "pug-load": {
      "version": "2.0.3",
      "resolved": "https://registry.npmjs.org/pug-load/-/pug-load-2.0.3.tgz",
      "from": "pug-load@>=2.0.3 <3.0.0"
    },
    "pug-parser": {
      "version": "2.0.1",
      "resolved": "https://registry.npmjs.org/pug-parser/-/pug-parser-2.0.1.tgz",
      "from": "pug-parser@>=2.0.1 <3.0.0"
    },
    "pug-runtime": {
      "version": "2.0.2",
      "resolved": "https://registry.npmjs.org/pug-runtime/-/pug-runtime-2.0.2.tgz",
      "from": "pug-runtime@>=2.0.2 <3.0.0"
    },
    "pug-strip-comments": {
      "version": "1.0.1",
      "resolved": "https://registry.npmjs.org/pug-strip-comments/-/pug-strip-comments-1.0.1.tgz",
      "from": "pug-strip-comments@>=1.0.1 <2.0.0"
    },
    "pug-walk": {
      "version": "1.0.0",
      "resolved": "https://registry.npmjs.org/pug-walk/-/pug-walk-1.0.0.tgz",
      "from": "pug-walk@>=1.0.0 <2.0.0"
    },
    "repeat-string": {
      "version": "1.6.1",
      "resolved": "https://registry.npmjs.org/repeat-string/-/repeat-string-1.6.1.tgz",
      "from": "repeat-string@>=1.5.2 <2.0.0"
    },
    "resolve": {
      "version": "1.2.0",
      "resolved": "https://registry.npmjs.org/resolve/-/resolve-1.2.0.tgz",
      "from": "resolve@>=1.1.6 <2.0.0"
    },
    "right-align": {
      "version": "0.1.3",
      "resolved": "https://registry.npmjs.org/right-align/-/right-align-0.1.3.tgz",
      "from": "right-align@>=0.1.1 <0.2.0"
    },
    "source-map": {
      "version": "0.4.4",
      "resolved": "https://registry.npmjs.org/source-map/-/source-map-0.4.4.tgz",
      "from": "source-map@>=0.4.0 <0.5.0"
    },
    "token-stream": {
      "version": "0.0.1",
      "resolved": "https://registry.npmjs.org/token-stream/-/token-stream-0.0.1.tgz",
      "from": "token-stream@0.0.1"
    },
    "uglify-js": {
      "version": "2.7.5",
      "resolved": "https://registry.npmjs.org/uglify-js/-/uglify-js-2.7.5.tgz",
      "from": "uglify-js@>=2.6.1 <3.0.0",
      "dependencies": {
        "source-map": {
          "version": "0.5.6",
          "resolved": "https://registry.npmjs.org/source-map/-/source-map-0.5.6.tgz",
          "from": "source-map@>=0.5.1 <0.6.0"
        }
      }
    },
    "uglify-to-browserify": {
      "version": "1.0.2",
      "resolved": "https://registry.npmjs.org/uglify-to-browserify/-/uglify-to-browserify-1.0.2.tgz",
      "from": "uglify-to-browserify@>=1.0.0 <1.1.0"
    },
    "void-elements": {
      "version": "2.0.1",
      "resolved": "https://registry.npmjs.org/void-elements/-/void-elements-2.0.1.tgz",
      "from": "void-elements@>=2.0.1 <3.0.0"
    },
    "window-size": {
      "version": "0.1.0",
      "resolved": "https://registry.npmjs.org/window-size/-/window-size-0.1.0.tgz",
      "from": "window-size@0.1.0"
    },
    "with": {
      "version": "5.1.1",
      "resolved": "https://registry.npmjs.org/with/-/with-5.1.1.tgz",
      "from": "with@>=5.0.0 <6.0.0"
    },
    "wordwrap": {
      "version": "0.0.2",
      "resolved": "https://registry.npmjs.org/wordwrap/-/wordwrap-0.0.2.tgz",
      "from": "wordwrap@0.0.2"
    },
    "yargs": {
      "version": "3.10.0",
      "resolved": "https://registry.npmjs.org/yargs/-/yargs-3.10.0.tgz",
      "from": "yargs@>=3.10.0 <3.11.0"
    }
  }
}
